
Microsoft Visual Studio Solution File, Format Version 12.00
# Visual Studio 15
VisualStudioVersion = 15.0.28307.1705
MinimumVisualStudioVersion = 10.0.40219.1
Project("{8BC9CEB8-8B4A-11D0-8D11-00A0C91BC942}") = "HW", "HW\HW.vcxproj", "{EDD65C34-5940-4740-AD22-DCA153B5ED5A}"
EndProject
Global
	GlobalSection(SolutionConfigurationPlatforms) = preSolution
		Debug|x64 = Debug|x64
		Debug|x86 = Debug|x86
		Release|x64 = Release|x64
		Release|x86 = Release|x86
	EndGlobalSection
	GlobalSection(ProjectConfigurationPlatforms) = postSolution
		{EDD65C34-5940-4740-AD22-DCA153B5ED5A}.Debug|x64.ActiveCfg = Debug|x64
		{EDD65C34-5940-4740-AD22-DCA153B5ED5A}.Debug|x64.Build.0 = Debug|x64
		{EDD65C34-5940-4740-AD22-DCA153B5ED5A}.Debug|x86.ActiveCfg = Debug|Win32
		{EDD65C34-5940-4740-AD22-DCA153B5ED5A}.Debug|x86.Build.0 = Debug|Win32
		{EDD65C34-5940-4740-AD22-DCA153B5ED5A}.Release|x64.ActiveCfg = Release|x64
		{EDD65C34-5940-4740-AD22-DCA153B5ED5A}.Release|x64.Build.0 = Release|x64
		{EDD65C34-5940-4740-AD22-DCA153B5ED5A}.Release|x86.ActiveCfg = Release|Win32
		{EDD65C34-5940-4740-AD22-DCA153B5ED5A}.Release|x86.Build.0 = Release|Win32
	EndGlobalSection
	GlobalSection(SolutionProperties) = preSolution
		HideSolutionNode = FALSE
	EndGlobalSection
	GlobalSection(ExtensibilityGlobals) = postSolution
		SolutionGuid = {C6B3AFFA-5FF8-4A27-BF74-C09F166D4E9A}
	EndGlobalSection
EndGlobal
